{
  "name": "opening-explorer",
  "version": "1.0.0",
  "lockfileVersion": 3,
  "requires": true,
  "packages": {
    "": {
      "name": "opening-explorer",
      "version": "1.0.0",
      "license": "ISC",
      "dependencies": {
        "@node-rs/xxhash": "^1.7.6",
        "7zip-bin": "^5.2.0",
        "chess.js": "^1.4.0",
        "megajs": "^1.3.9",
        "node-7z": "^3.0.0"
      }
    },
    "node_modules/@emnapi/core": {
      "version": "1.11.1",
      "resolved": "https://registry.npmjs.org/@emnapi/core/-/core-1.11.1.tgz",
      "integrity": "sha512-RSvbQmHzdKzNsLYa/wHrbc3KN4sYLKAdPZxqiM2HATqv/SBk2/ENSHpvXGaLOMcsAyz0poEGqkmmKYG3OWiJEQ==",
      "license": "MIT",
      "optional": true,
      "dependencies": {
        "@emnapi/wasi-threads": "1.2.2",
        "tslib": "^2.4.0"
      }
    },
    "node_modules/@emnapi/runtime": {
      "version": "1.11.1",
      "resolved": "https://registry.npmjs.org/@emnapi/runtime/-/runtime-1.11.1.tgz",
      "integrity": "sha512-vgj7R3y3Wgx24IQaGPA/R6YFXLHVMOZ0uVEyIQPaWs+rd1AzfEMXlAC22FYwO1XkKR6NPsq7mUandH8oIRdZFw==",
      "license": "MIT",
      "optional": true,
      "dependencies": {
        "tslib": "^2.4.0"
      }
    },
    "node_modules/@emnapi/wasi-threads": {
      "version": "1.2.2",
      "resolved": "https://registry.npmjs.org/@emnapi/wasi-threads/-/wasi-threads-1.2.2.tgz",
      "integrity": "sha512-c95qOXkHdydNKhscBTebqEC1CVAZpyqOfVfBzQ1qgzyl3gfeldUjIggDbIZgDKsHLgnsM+igH7TJ/eAasaVuMA==",
      "license": "MIT",
      "optional": true,
      "dependencies": {
        "tslib": "^2.4.0"
      }
    },
    "node_modules/@napi-rs/wasm-runtime": {
      "version": "0.2.12",
      "resolved": "https://registry.npmjs.org/@napi-rs/wasm-runtime/-/wasm-runtime-0.2.12.tgz",
      "integrity": "sha512-ZVWUcfwY4E/yPitQJl481FjFo3K22D6qF0DuFH6Y/nbnE11GY5uguDxZMGXPQ8WQ0128MXQD7TnfHyK4oWoIJQ==",
      "license": "MIT",
      "optional": true,
      "dependencies": {
        "@emnapi/core": "^1.4.3",
        "@emnapi/runtime": "^1.4.3",
        "@tybys/wasm-util": "^0.10.0"
      }
    },
    "node_modules/@node-rs/xxhash": {
      "version": "1.7.6",
      "resolved": "https://registry.npmjs.org/@node-rs/xxhash/-/xxhash-1.7.6.tgz",
      "integrity": "sha512-XMisO+aQHsVpxRp/85EszTtOQTOlhPbd149P/Xa9F55wafA6UM3h2UhOgOs7aAzItnHU/Aw1WQ1FVTEg7WB43Q==",
      "license": "MIT",
      "engines": {
        "node": ">= 12"
      },
      "funding": {
        "type": "github",
        "url": "https://github.com/sponsors/Brooooooklyn"
      },
      "optionalDependencies": {
        "@node-rs/xxhash-android-arm-eabi": "1.7.6",
        "@node-rs/xxhash-android-arm64": "1.7.6",
        "@node-rs/xxhash-darwin-arm64": "1.7.6",
        "@node-rs/xxhash-darwin-x64": "1.7.6",
        "@node-rs/xxhash-freebsd-x64": "1.7.6",
        "@node-rs/xxhash-linux-arm-gnueabihf": "1.7.6",
        "@node-rs/xxhash-linux-arm64-gnu": "1.7.6",
        "@node-rs/xxhash-linux-arm64-musl": "1.7.6",
        "@node-rs/xxhash-linux-x64-gnu": "1.7.6",
        "@node-rs/xxhash-linux-x64-musl": "1.7.6",
        "@node-rs/xxhash-wasm32-wasi": "1.7.6",
        "@node-rs/xxhash-win32-arm64-msvc": "1.7.6",
        "@node-rs/xxhash-win32-ia32-msvc": "1.7.6",
        "@node-rs/xxhash-win32-x64-msvc": "1.7.6"
      }
    },
    "node_modules/@node-rs/xxhash-android-arm-eabi": {
      "version": "1.7.6",
      "resolved": "https://registry.npmjs.org/@node-rs/xxhash-android-arm-eabi/-/xxhash-android-arm-eabi-1.7.6.tgz",
      "integrity": "sha512-ptmfpFZ8SgTef58Us+0HsZ9BKhyX/gZYbhLkuzPt7qUoMqMSJK85NC7LEgzDgjUiG+S5GahEEQ9/tfh9BVvKhw==",
      "cpu": [
        "arm"
      ],
      "license": "MIT",
      "optional": true,
      "os": [
        "android"
      ],
      "engines": {
        "node": ">= 12"
      }
    },
    "node_modules/@node-rs/xxhash-android-arm64": {
      "version": "1.7.6",
      "resolved": "https://registry.npmjs.org/@node-rs/xxhash-android-arm64/-/xxhash-android-arm64-1.7.6.tgz",
      "integrity": "sha512-n4MyZvqifuoARfBvrZ2IBqmsGzwlVI3kb2mB0gVvoHtMsPbl/q94zoDBZ7WgeP3t4Wtli+QS3zgeTCOWUbqqUQ==",
      "cpu": [
        "arm64"
      ],
      "license": "MIT",
      "optional": true,
      "os": [
        "android"
      ],
      "engines": {
        "node": ">= 12"
      }
    },
    "node_modules/@node-rs/xxhash-darwin-arm64": {
      "version": "1.7.6",
      "resolved": "https://registry.npmjs.org/@node-rs/xxhash-darwin-arm64/-/xxhash-darwin-arm64-1.7.6.tgz",
      "integrity": "sha512-6xGuE07CiCIry/KT3IiwQd/kykTOmjKzO/ZnHlE5ibGMx64NFE0qDuwJbxQ4rGyUzgJ0KuN9ZdOhUDJmepnpcw==",
      "cpu": [
        "arm64"
      ],
      "license": "MIT",
      "optional": true,
      "os": [
        "darwin"
      ],
      "engines": {
        "node": ">= 12"
      }
    },
    "node_modules/@node-rs/xxhash-darwin-x64": {
      "version": "1.7.6",
      "resolved": "https://registry.npmjs.org/@node-rs/xxhash-darwin-x64/-/xxhash-darwin-x64-1.7.6.tgz",
      "integrity": "sha512-Z4oNnhyznDvHhxv+s0ka+5KG8mdfLVucZMZMejj9BL+CPmamClygPiHIRiifRcPAoX9uPZykaCsULngIfLeF3Q==",
      "cpu": [
        "x64"
      ],
      "license": "MIT",
      "optional": true,
      "os": [
        "darwin"
      ],
      "engines": {
        "node": ">= 12"
      }
    },
    "node_modules/@node-rs/xxhash-freebsd-x64": {
      "version": "1.7.6",
      "resolved": "https://registry.npmjs.org/@node-rs/xxhash-freebsd-x64/-/xxhash-freebsd-x64-1.7.6.tgz",
      "integrity": "sha512-arCDOf3xZ5NfBL5fk5J52sNPjXL2cVWN6nXNB3nrtRFFdPBLsr6YXtshAc6wMVxnIW4VGaEv/5K6IpTA8AFyWw==",
      "cpu": [
        "x64"
      ],
      "license": "MIT",
      "optional": true,
      "os": [
        "freebsd"
      ],
      "engines": {
        "node": ">= 12"
      }
    },
    "node_modules/@node-rs/xxhash-linux-arm-gnueabihf": {
      "version": "1.7.6",
      "resolved": "https://registry.npmjs.org/@node-rs/xxhash-linux-arm-gnueabihf/-/xxhash-linux-arm-gnueabihf-1.7.6.tgz",
      "integrity": "sha512-ndLLEW+MwLH3lFS0ahlHCcmkf2ykOv/pbP8OBBeAOlz/Xc3jKztg5IJ9HpkjKOkHk470yYxgHVaw1QMoMzU00A==",
      "cpu": [
        "arm"
      ],
      "license": "MIT",
      "optional": true,
      "os": [
        "linux"
      ],
      "engines": {
        "node": ">= 12"
      }
    },
    "node_modules/@node-rs/xxhash-linux-arm64-gnu": {
      "version": "1.7.6",
      "resolved": "https://registry.npmjs.org/@node-rs/xxhash-linux-arm64-gnu/-/xxhash-linux-arm64-gnu-1.7.6.tgz",
      "integrity": "sha512-VX7VkTG87mAdrF2vw4aroiRpFIIN8Lj6NgtGHF+IUVbzQxPudl4kG+FPEjsNH8y04yQxRbPE7naQNgHcTKMrNw==",
      "cpu": [
        "arm64"
      ],
      "libc": [
        "glibc"
      ],
      "license": "MIT",
      "optional": true,
      "os": [
        "linux"
      ],
      "engines": {
        "node": ">= 12"
      }
    },
    "node_modules/@node-rs/xxhash-linux-arm64-musl": {
      "version": "1.7.6",
      "resolved": "https://registry.npmjs.org/@node-rs/xxhash-linux-arm64-musl/-/xxhash-linux-arm64-musl-1.7.6.tgz",
      "integrity": "sha512-AB5m6crGYSllM9F/xZNOQSPImotR5lOa9e4arW99Bv82S+gcpphI8fGMDOVTTCXY/RLRhvvhwzLDxmLB2O8VDg==",
      "cpu": [
        "arm64"
      ],
      "libc": [
        "musl"
      ],
      "license": "MIT",
      "optional": true,
      "os": [
        "linux"
      ],
      "engines": {
        "node": ">= 12"
      }
    },
    "node_modules/@node-rs/xxhash-linux-x64-gnu": {
      "version": "1.7.6",
      "resolved": "https://registry.npmjs.org/@node-rs/xxhash-linux-x64-gnu/-/xxhash-linux-x64-gnu-1.7.6.tgz",
      "integrity": "sha512-a2A6M+5tc0PVlJlE/nl0XsLEzMpKkwg7Y1lR5urFUbW9uVQnKjJYQDrUojhlXk0Uv3VnYQPa6ThmwlacZA5mvQ==",
      "cpu": [
        "x64"
      ],
      "libc": [
        "glibc"
      ],
      "license": "MIT",
      "optional": true,
      "os": [
        "linux"
      ],
      "engines": {
        "node": ">= 12"
      }
    },
    "node_modules/@node-rs/xxhash-linux-x64-musl": {
      "version": "1.7.6",
      "resolved": "https://registry.npmjs.org/@node-rs/xxhash-linux-x64-musl/-/xxhash-linux-x64-musl-1.7.6.tgz",
      "integrity": "sha512-WioGJSC1GoxQpmdQrG5l/uddSBAS4XCWczHNwXe895J5xadGQzyvmr0r17BNfihvbBUDH1H9jwouNYzDDeA6+A==",
      "cpu": [
        "x64"
      ],
      "libc": [
        "musl"
      ],
      "license": "MIT",
      "optional": true,
      "os": [
        "linux"
      ],
      "engines": {
        "node": ">= 12"
      }
    },
    "node_modules/@node-rs/xxhash-wasm32-wasi": {
      "version": "1.7.6",
      "resolved": "https://registry.npmjs.org/@node-rs/xxhash-wasm32-wasi/-/xxhash-wasm32-wasi-1.7.6.tgz",
      "integrity": "sha512-WDXXKMMFMrez+esm2DzMPHFNPFYf+wQUtaXrXwtxXeQMFEzleOLwEaqV0+bbXGJTwhPouL3zY1Qo2xmIH4kkTg==",
      "cpu": [
        "wasm32"
      ],
      "license": "MIT",
      "optional": true,
      "dependencies": {
        "@napi-rs/wasm-runtime": "^0.2.5"
      },
      "engines": {
        "node": ">=14.0.0"
      }
    },
    "node_modules/@node-rs/xxhash-win32-arm64-msvc": {
      "version": "1.7.6",
      "resolved": "https://registry.npmjs.org/@node-rs/xxhash-win32-arm64-msvc/-/xxhash-win32-arm64-msvc-1.7.6.tgz",
      "integrity": "sha512-qjDFUZJT/Zq0yFS+0TApkD86p0NBdPXlOoHur9yNeO9YX2/9/b1sC2P7N27PgOu13h61TUOvTUC00e/82jAZRQ==",
      "cpu": [
        "arm64"
      ],
      "license": "MIT",
      "optional": true,
      "os": [
        "win32"
      ],
      "engines": {
        "node": ">= 12"
      }
    },
    "node_modules/@node-rs/xxhash-win32-ia32-msvc": {
      "version": "1.7.6",
      "resolved": "https://registry.npmjs.org/@node-rs/xxhash-win32-ia32-msvc/-/xxhash-win32-ia32-msvc-1.7.6.tgz",
      "integrity": "sha512-s7a+mQWOTnU4NiiypRq/vbNGot/il0HheXuy9oxJ0SW2q/e4BJ8j0pnP6UBlAjsk+005A76vOwsEj01qbQw8+A==",
      "cpu": [
        "ia32"
      ],
      "license": "MIT",
      "optional": true,
      "os": [
        "win32"
      ],
      "engines": {
        "node": ">= 12"
      }
    },
    "node_modules/@node-rs/xxhash-win32-x64-msvc": {
      "version": "1.7.6",
      "resolved": "https://registry.npmjs.org/@node-rs/xxhash-win32-x64-msvc/-/xxhash-win32-x64-msvc-1.7.6.tgz",
      "integrity": "sha512-zHOHm2UaIahRhgRPJll+4Xy4Z18aAT/7KNeQW+QJupGvFz+GzOFXMGs3R/3B1Ktob/F5ui3i1MrW9GEob3CWTg==",
      "cpu": [
        "x64"
      ],
      "license": "MIT",
      "optional": true,
      "os": [
        "win32"
      ],
      "engines": {
        "node": ">= 12"
      }
    },
    "node_modules/@tybys/wasm-util": {
      "version": "0.10.3",
      "resolved": "https://registry.npmjs.org/@tybys/wasm-util/-/wasm-util-0.10.3.tgz",
      "integrity": "sha512-F3fo1MYrRJYL3zER0OUOmkutjr1Vp23m7OsSgp7nq4SP6OqX6C/56XFIPAl5bt3zaBRjmW7SGz3u/6LwFpYcOg==",
      "license": "MIT",
      "optional": true,
      "dependencies": {
        "tslib": "^2.4.0"
      }
    },
    "node_modules/7zip-bin": {
      "version": "5.2.0",
      "resolved": "https://registry.npmjs.org/7zip-bin/-/7zip-bin-5.2.0.tgz",
      "integrity": "sha512-ukTPVhqG4jNzMro2qA9HSCSSVJN3aN7tlb+hfqYCt3ER0yWroeA2VR38MNrOHLQ/cVj+DaIMad0kFCtWWowh/A==",
      "license": "MIT"
    },
    "node_modules/chess.js": {
      "version": "1.4.0",
      "resolved": "https://registry.npmjs.org/chess.js/-/chess.js-1.4.0.tgz",
      "integrity": "sha512-BBJgrrtKQOzFLonR0l+k64A98NLemPwNsCskwb+29bRwobUa4iTm51E1kwGPbWXAcfdDa18nad6vpPPKPWarqw==",
      "license": "BSD-2-Clause"
    },
    "node_modules/debug": {
      "version": "4.4.3",
      "resolved": "https://registry.npmjs.org/debug/-/debug-4.4.3.tgz",
      "integrity": "sha512-RGwwWnwQvkVfavKVt22FGLw+xYSdzARwm0ru6DhTVA3umU5hZc28V3kO4stgYryrTlLpuvgI9GiijltAjNbcqA==",
      "license": "MIT",
      "dependencies": {
        "ms": "^2.1.3"
      },
      "engines": {
        "node": ">=6.0"
      },
      "peerDependenciesMeta": {
        "supports-color": {
          "optional": true
        }
      }
    },
    "node_modules/duplexify": {
      "version": "4.1.3",
      "resolved": "https://registry.npmjs.org/duplexify/-/duplexify-4.1.3.tgz",
      "integrity": "sha512-M3BmBhwJRZsSx38lZyhE53Csddgzl5R7xGJNk7CVddZD6CcmwMCH8J+7AprIrQKH7TonKxaCjcv27Qmf+sQ+oA==",
      "license": "MIT",
      "dependencies": {
        "end-of-stream": "^1.4.1",
        "inherits": "^2.0.3",
        "readable-stream": "^3.1.1",
        "stream-shift": "^1.0.2"
      }
    },
    "node_modules/end-of-stream": {
      "version": "1.4.5",
      "resolved": "https://registry.npmjs.org/end-of-stream/-/end-of-stream-1.4.5.tgz",
      "integrity": "sha512-ooEGc6HP26xXq/N+GCGOT0JKCLDGrq2bQUZrQ7gyrJiZANJ/8YDTxTpQBXGMn+WbIQXNVpyWymm7KYVICQnyOg==",
      "license": "MIT",
      "dependencies": {
        "once": "^1.4.0"
      }
    },
    "node_modules/inherits": {
      "version": "2.0.4",
      "resolved": "https://registry.npmjs.org/inherits/-/inherits-2.0.4.tgz",
      "integrity": "sha512-k/vGaX4/Yla3WzyMCvTQOXYeIHvqOKtnqBduzTHpzpQZzAskKMhZ2K+EnBiSM9zGSoIFeMpXKxa4dYeZIQqewQ==",
      "license": "ISC"
    },
    "node_modules/lodash.defaultsdeep": {
      "version": "4.6.1",
      "resolved": "https://registry.npmjs.org/lodash.defaultsdeep/-/lodash.defaultsdeep-4.6.1.tgz",
      "integrity": "sha512-3j8wdDzYuWO3lM3Reg03MuQR957t287Rpcxp1njpEa8oDrikb+FwGdW3n+FELh/A6qib6yPit0j/pv9G/yeAqA==",
      "license": "MIT"
    },
    "node_modules/lodash.defaultto": {
      "version": "4.14.0",
      "resolved": "https://registry.npmjs.org/lodash.defaultto/-/lodash.defaultto-4.14.0.tgz",
      "integrity": "sha512-G6tizqH6rg4P5j32Wy4Z3ZIip7OfG8YWWlPFzUFGcYStH1Ld0l1tWs6NevEQNEDnO1M3NZYjuHuraaFSN5WqeQ==",
      "license": "MIT"
    },
    "node_modules/lodash.flattendeep": {
      "version": "4.4.0",
      "resolved": "https://registry.npmjs.org/lodash.flattendeep/-/lodash.flattendeep-4.4.0.tgz",
      "integrity": "sha512-uHaJFihxmJcEX3kT4I23ABqKKalJ/zDrDg0lsFtc1h+3uw49SIJ5beyhx5ExVRti3AvKoOJngIj7xz3oylPdWQ==",
      "license": "MIT"
    },
    "node_modules/lodash.isempty": {
      "version": "4.4.0",
      "resolved": "https://registry.npmjs.org/lodash.isempty/-/lodash.isempty-4.4.0.tgz",
      "integrity": "sha512-oKMuF3xEeqDltrGMfDxAPGIVMSSRv8tbRSODbrs4KGsRRLEhrW8N8Rd4DRgB2+621hY8A8XwwrTVhXWpxFvMzg==",
      "license": "MIT"
    },
    "node_modules/lodash.negate": {
      "version": "3.0.2",
      "resolved": "https://registry.npmjs.org/lodash.negate/-/lodash.negate-3.0.2.tgz",
      "integrity": "sha512-JGJYYVslKYC0tRMm/7igfdHulCjoXjoganRNWM8AgS+RXfOvFnPkOveDhPI65F9aAypCX9QEEQoBqWf7Q6uAeA==",
      "license": "MIT"
    },
    "node_modules/megajs": {
      "version": "1.3.9",
      "resolved": "https://registry.npmjs.org/megajs/-/megajs-1.3.9.tgz",
      "integrity": "sha512-91GGJbUfUu9z/KFORHcn4bugVILWcGahaoy07Q7M5GLzT6zOsrpusxkjEvEys9XCXbxntg0v+f2JN6sITrEkPQ==",
      "license": "MIT",
      "dependencies": {
        "pumpify": "^2.0.1",
        "stream-skip": "^1.0.3"
      }
    },
    "node_modules/ms": {
      "version": "2.1.3",
      "resolved": "https://registry.npmjs.org/ms/-/ms-2.1.3.tgz",
      "integrity": "sha512-6FlzubTLZG3J2a/NVCAleEhjzq5oxgHyaCU9yYXvcLsvoVaHJq/s5xXI6/XXP6tz7R9xAOtHnSO/tXtF3WRTlA==",
      "license": "MIT"
    },
    "node_modules/node-7z": {
      "version": "3.0.0",
      "resolved": "https://registry.npmjs.org/node-7z/-/node-7z-3.0.0.tgz",
      "integrity": "sha512-KIznWSxIkOYO/vOgKQfJEaXd7rgoFYKZbaurainCEdMhYc7V7mRHX+qdf2HgbpQFcdJL/Q6/XOPrDLoBeTfuZA==",
      "license": "ISC",
      "dependencies": {
        "debug": "^4.3.2",
        "lodash.defaultsdeep": "^4.6.1",
        "lodash.defaultto": "^4.14.0",
        "lodash.flattendeep": "^4.4.0",
        "lodash.isempty": "^4.4.0",
        "lodash.negate": "^3.0.2",
        "normalize-path": "^3.0.0"
      },
      "engines": {
        "node": ">=10"
      }
    },
    "node_modules/normalize-path": {
      "version": "3.0.0",
      "resolved": "https://registry.npmjs.org/normalize-path/-/normalize-path-3.0.0.tgz",
      "integrity": "sha512-6eZs5Ls3WtCisHWp9S2GUy8dqkpGi4BVSz3GaqiE6ezub0512ESztXUwUB6C6IKbQkY2Pnb/mD4WYojCRwcwLA==",
      "license": "MIT",
      "engines": {
        "node": ">=0.10.0"
      }
    },
    "node_modules/once": {
      "version": "1.4.0",
      "resolved": "https://registry.npmjs.org/once/-/once-1.4.0.tgz",
      "integrity": "sha512-lNaJgI+2Q5URQBkccEKHTQOPaXdUxnZZElQTZY0MFUAuaEqe1E+Nyvgdz/aIyNi6Z9MzO5dv1H8n58/GELp3+w==",
      "license": "ISC",
      "dependencies": {
        "wrappy": "1"
      }
    },
    "node_modules/pump": {
      "version": "3.0.4",
      "resolved": "https://registry.npmjs.org/pump/-/pump-3.0.4.tgz",
      "integrity": "sha512-VS7sjc6KR7e1ukRFhQSY5LM2uBWAUPiOPa/A3mkKmiMwSmRFUITt0xuj+/lesgnCv+dPIEYlkzrcyXgquIHMcA==",
      "license": "MIT",
      "dependencies": {
        "end-of-stream": "^1.1.0",
        "once": "^1.3.1"
      }
    },
    "node_modules/pumpify": {
      "version": "2.0.1",
      "resolved": "https://registry.npmjs.org/pumpify/-/pumpify-2.0.1.tgz",
      "integrity": "sha512-m7KOje7jZxrmutanlkS1daj1dS6z6BgslzOXmcSEpIlCxM3VJH7lG5QLeck/6hgF6F4crFf01UtQmNsJfweTAw==",
      "license": "MIT",
      "dependencies": {
        "duplexify": "^4.1.1",
        "inherits": "^2.0.3",
        "pump": "^3.0.0"
      }
    },
    "node_modules/readable-stream": {
      "version": "3.6.2",
      "resolved": "https://registry.npmjs.org/readable-stream/-/readable-stream-3.6.2.tgz",
      "integrity": "sha512-9u/sniCrY3D5WdsERHzHE4G2YCXqoG5FTHUiCC4SIbr6XcLZBY05ya9EKjYek9O5xOAwjGq+1JdGBAS7Q9ScoA==",
      "license": "MIT",
      "dependencies": {
        "inherits": "^2.0.3",
        "string_decoder": "^1.1.1",
        "util-deprecate": "^1.0.1"
      },
      "engines": {
        "node": ">= 6"
      }
    },
    "node_modules/safe-buffer": {
      "version": "5.2.1",
      "resolved": "https://registry.npmjs.org/safe-buffer/-/safe-buffer-5.2.1.tgz",
      "integrity": "sha512-rp3So07KcdmmKbGvgaNxQSJr7bGVSVk5S9Eq1F+ppbRo70+YeaDxkw5Dd8NPN+GD6bjnYm2VuPuCXmpuYvmCXQ==",
      "funding": [
        {
          "type": "github",
          "url": "https://github.com/sponsors/feross"
        },
        {
          "type": "patreon",
          "url": "https://www.patreon.com/feross"
        },
        {
          "type": "consulting",
          "url": "https://feross.org/support"
        }
      ],
      "license": "MIT"
    },
    "node_modules/stream-shift": {
      "version": "1.0.3",
      "resolved": "https://registry.npmjs.org/stream-shift/-/stream-shift-1.0.3.tgz",
      "integrity": "sha512-76ORR0DO1o1hlKwTbi/DM3EXWGf3ZJYO8cXX5RJwnul2DEg2oyoZyjLNoQM8WsvZiFKCRfC1O0J7iCvie3RZmQ==",
      "license": "MIT"
    },
    "node_modules/stream-skip": {
      "version": "1.0.3",
      "resolved": "https://registry.npmjs.org/stream-skip/-/stream-skip-1.0.3.tgz",
      "integrity": "sha512-2rB0uBiOnYSQwJxJ3wZLher+fz0yyXQxKuKnVTsidHmkqvC8rWZ2AbX50ZVdz7fsL6zkYkqaN/pPD0RldKIbpQ==",
      "license": "MIT"
    },
    "node_modules/string_decoder": {
      "version": "1.3.0",
      "resolved": "https://registry.npmjs.org/string_decoder/-/string_decoder-1.3.0.tgz",
      "integrity": "sha512-hkRX8U1WjJFd8LsDJ2yQ/wWWxaopEsABU1XfkM8A+j0+85JAGppt16cr1Whg6KIbb4okU6Mql6BOj+uup/wKeA==",
      "license": "MIT",
      "dependencies": {
        "safe-buffer": "~5.2.0"
      }
    },
    "node_modules/tslib": {
      "version": "2.8.1",
      "resolved": "https://registry.npmjs.org/tslib/-/tslib-2.8.1.tgz",
      "integrity": "sha512-oJFu94HQb+KVduSUQL7wnpmqnfmLsOA/nAh6b6EH0wCEoK0/mPeXU6c3wKDV83MkOuHPRHtSXKKU99IBazS/2w==",
      "license": "0BSD",
      "optional": true
    },
    "node_modules/util-deprecate": {
      "version": "1.0.2",
      "resolved": "https://registry.npmjs.org/util-deprecate/-/util-deprecate-1.0.2.tgz",
      "integrity": "sha512-EPD5q1uXyFxJpCrLnCc1nHnq3gOa6DZBocAIiI2TaSCA7VCJ1UJDMagCzIkXNsUYfD1daK//LTEQ8xiIbrHtcw==",
      "license": "MIT"
    },
    "node_modules/wrappy": {
      "version": "1.0.2",
      "resolved": "https://registry.npmjs.org/wrappy/-/wrappy-1.0.2.tgz",
      "integrity": "sha512-l4Sp/DRseor9wL6EvV2+TuQn63dMkPjZ/sp9XkghTEbV9KlPS1xUsZ3u7/IQO4wxtcFB4bgpQPRcR3QCvezPcQ==",
      "license": "ISC"
    }
  }
}
